PODS:
  - SnapKit (4.2.0)
  - SwiftyMenu (0.6.0):
    - SnapKit (~> 4.2.0)

DEPENDENCIES:
  - SwiftyMenu (from `../`)

SPEC REPOS:
  trunk:
    - SnapKit

EXTERNAL SOURCES:
  SwiftyMenu:
    :path: "../"

SPEC CHECKSUMS:
  SnapKit: fe8a619752f3f27075cc9a90244d75c6c3f27e2a
  SwiftyMenu: ab2d015e614e11d5163b3934396010a15de4d1e1

PODFILE CHECKSUM: e76fbe8ebeca450e6d7f72e5036d5d85d327d6d2

COCOAPODS: 1.8.4
