PODS:
  - SnapKit (4.2.0)
  - SwiftyMenu (0.5.9):
    - SnapKit (~> 4.2.0)

DEPENDENCIES:
  - SwiftyMenu (from `../`)

SPEC REPOS:
  trunk:
    - SnapKit

EXTERNAL SOURCES:
  SwiftyMenu:
    :path: "../"

SPEC CHECKSUMS:
  SnapKit: fe8a619752f3f27075cc9a90244d75c6c3f27e2a
  SwiftyMenu: 9bd359714f1e2b599f9b0bfad8ed0d65e4d6b974

PODFILE CHECKSUM: e76fbe8ebeca450e6d7f72e5036d5d85d327d6d2

COCOAPODS: 1.8.4
